PODS:
  - IQKeyboardManager (6.5.6)
  - SKFloatingTextField (1.0.0)

DEPENDENCIES:
  - IQKeyboardManager
  - SKFloatingTextField (from `../`)

SPEC REPOS:
  trunk:
    - IQKeyboardManager

EXTERNAL SOURCES:
  SKFloatingTextField:
    :path: "../"

SPEC CHECKSUMS:
  IQKeyboardManager: 2a6e97afdafc7becf0cb17a9a8d795e3a980717f
  SKFloatingTextField: b6ee3e329d1a5466367758986d7c0fe3783b2014

PODFILE CHECKSUM: 026a8b1f0c754077a2ab8a22dec547ec3b4a6ad9

COCOAPODS: 1.10.1
